{
  "requires": true,
  "lockfileVersion": 1,
  "dependencies": {
    "node-editor": {
      "version": "0.2.3",
      "resolved": "https://registry.npmjs.org/node-editor/-/node-editor-0.2.3.tgz",
      "integrity": "sha512-dsprmY1xoj9v2vpBkJMvyZlQVssWHSlv5oPQ8+ktMQzns1ar34jVYj6s3DgR+2wERRd2pXkyXcYTinyRoHRQbw=="
    }
  }
}
